// !$*UTF8*$!
{
	archiveVersion = 1;
	classes = {
	};
	objectVersion = 50;
	objects = {

/* Begin PBXBuildFile section */
		06352A6D210DF4A60070DB39 /* AppDelegate.swift in Sources */ = {isa = PBXBuildFile; fileRef = 06352A6C210DF4A60070DB39 /* AppDelegate.swift */; };
		06352A6F210DF4A60070DB39 /* EventsListViewController.swift in Sources */ = {isa = PBXBuildFile; fileRef = 06352A6E210DF4A60070DB39 /* EventsListViewController.swift */; };
		06352A72210DF4A60070DB39 /* Main.storyboard in Resources */ = {isa = PBXBuildFile; fileRef = 06352A70210DF4A60070DB39 /* Main.storyboard */; };
		06352A74210DF4B20070DB39 /* Assets.xcassets in Resources */ = {isa = PBXBuildFile; fileRef = 06352A73210DF4B20070DB39 /* Assets.xcassets */; };
		06352A77210DF4B20070DB39 /* LaunchScreen.storyboard in Resources */ = {isa = PBXBuildFile; fileRef = 06352A75210DF4B20070DB39 /* LaunchScreen.storyboard */; };
		06352A84210DFDD10070DB39 /* DisplayEventViewController.swift in Sources */ = {isa = PBXBuildFile; fileRef = 06352A83210DFDD10070DB39 /* DisplayEventViewController.swift */; };
		06352A87210E04EF0070DB39 /* SkiddleAPI.swift in Sources */ = {isa = PBXBuildFile; fileRef = 06352A86210E04EF0070DB39 /* SkiddleAPI.swift */; };
		06352A89210E055D0070DB39 /* Event.swift in Sources */ = {isa = PBXBuildFile; fileRef = 06352A88210E055D0070DB39 /* Event.swift */; };
		06352A8B210E05710070DB39 /* Artist.swift in Sources */ = {isa = PBXBuildFile; fileRef = 06352A8A210E05710070DB39 /* Artist.swift */; };
		06D1AD5F210E4DBD00E84B4F /* string+decodeHTMLString.swift in Sources */ = {isa = PBXBuildFile; fileRef = 06D1AD5E210E4DBD00E84B4F /* string+decodeHTMLString.swift */; };
		06D1AD61210EB73F00E84B4F /* EventsListViewModel.swift in Sources */ = {isa = PBXBuildFile; fileRef = 06D1AD60210EB73F00E84B4F /* EventsListViewModel.swift */; };
		06D1AD67210EBDA900E84B4F /* DisplayEventViewModel.swift in Sources */ = {isa = PBXBuildFile; fileRef = 06D1AD66210EBDA900E84B4F /* DisplayEventViewModel.swift */; };
		06D1AD71210EC53500E84B4F /* BindableType.swift in Sources */ = {isa = PBXBuildFile; fileRef = 06D1AD70210EC53500E84B4F /* BindableType.swift */; };
		06D1AD74210F579000E84B4F /* EventListViewCell.swift in Sources */ = {isa = PBXBuildFile; fileRef = 06D1AD73210F579000E84B4F /* EventListViewCell.swift */; };
		06D1AD76210FF06E00E84B4F /* URLSession+Rx.swift in Sources */ = {isa = PBXBuildFile; fileRef = 06D1AD75210FF06E00E84B4F /* URLSession+Rx.swift */; };
		06D1AD7D2112685F00E84B4F /* Scene.swift in Sources */ = {isa = PBXBuildFile; fileRef = 06D1AD782112685B00E84B4F /* Scene.swift */; };
		06D1AD7E2112685F00E84B4F /* SceneCoordinator.swift in Sources */ = {isa = PBXBuildFile; fileRef = 06D1AD792112685C00E84B4F /* SceneCoordinator.swift */; };
		06D1AD7F2112685F00E84B4F /* Scene+viewController.swift in Sources */ = {isa = PBXBuildFile; fileRef = 06D1AD7A2112685D00E84B4F /* Scene+viewController.swift */; };
		06D1AD802112685F00E84B4F /* SceneCoordinatorType.swift in Sources */ = {isa = PBXBuildFile; fileRef = 06D1AD7B2112685E00E84B4F /* SceneCoordinatorType.swift */; };
		06D1AD812112685F00E84B4F /* SceneTransitionType.swift in Sources */ = {isa = PBXBuildFile; fileRef = 06D1AD7C2112685F00E84B4F /* SceneTransitionType.swift */; };
		4379948B7074B579B59065C9 /* Pods_SkiddleEvents.framework in Frameworks */ = {isa = PBXBuildFile; fileRef = 4D3D38AA73BFB5154DF50EA5 /* Pods_SkiddleEvents.framework */; };
/* End PBXBuildFile section */

/* Begin PBXFileReference section */
		06352A69210DF4A60070DB39 /* SkiddleEvents.app */ = {isa = PBXFileReference; explicitFileType = wrapper.application; includeInIndex = 0; path = SkiddleEvents.app; sourceTree = BUILT_PRODUCTS_DIR; };
		06352A6C210DF4A60070DB39 /* AppDelegate.swift */ = {isa = PBXFileReference; lastKnownFileType = sourcecode.swift; path = AppDelegate.swift; sourceTree = "<group>"; };
		06352A6E210DF4A60070DB39 /* EventsListViewController.swift */ = {isa = PBXFileReference; lastKnownFileType = sourcecode.swift; path = EventsListViewController.swift; sourceTree = "<group>"; };
		06352A71210DF4A60070DB39 /* Base */ = {isa = PBXFileReference; lastKnownFileType = file.storyboard; name = Base; path = Base.lproj/Main.storyboard; sourceTree = "<group>"; };
		06352A73210DF4B20070DB39 /* Assets.xcassets */ = {isa = PBXFileReference; lastKnownFileType = folder.assetcatalog; path = Assets.xcassets; sourceTree = "<group>"; };
		06352A76210DF4B20070DB39 /* Base */ = {isa = PBXFileReference; lastKnownFileType = file.storyboard; name = Base; path = Base.lproj/LaunchScreen.storyboard; sourceTree = "<group>"; };
		06352A78210DF4B20070DB39 /* Info.plist */ = {isa = PBXFileReference; lastKnownFileType = text.plist.xml; path = Info.plist; sourceTree = "<group>"; };
		06352A83210DFDD10070DB39 /* DisplayEventViewController.swift */ = {isa = PBXFileReference; lastKnownFileType = sourcecode.swift; path = DisplayEventViewController.swift; sourceTree = "<group>"; };
		06352A86210E04EF0070DB39 /* SkiddleAPI.swift */ = {isa = PBXFileReference; lastKnownFileType = sourcecode.swift; path = SkiddleAPI.swift; sourceTree = "<group>"; };
		06352A88210E055D0070DB39 /* Event.swift */ = {isa = PBXFileReference; lastKnownFileType = sourcecode.swift; path = Event.swift; sourceTree = "<group>"; };
		06352A8A210E05710070DB39 /* Artist.swift */ = {isa = PBXFileReference; lastKnownFileType = sourcecode.swift; path = Artist.swift; sourceTree = "<group>"; };
		06D1AD5E210E4DBD00E84B4F /* string+decodeHTMLString.swift */ = {isa = PBXFileReference; lastKnownFileType = sourcecode.swift; path = "string+decodeHTMLString.swift"; sourceTree = "<group>"; };
		06D1AD60210EB73F00E84B4F /* EventsListViewModel.swift */ = {isa = PBXFileReference; lastKnownFileType = sourcecode.swift; path = EventsListViewModel.swift; sourceTree = "<group>"; };
		06D1AD66210EBDA900E84B4F /* DisplayEventViewModel.swift */ = {isa = PBXFileReference; lastKnownFileType = sourcecode.swift; path = DisplayEventViewModel.swift; sourceTree = "<group>"; };
		06D1AD70210EC53500E84B4F /* BindableType.swift */ = {isa = PBXFileReference; lastKnownFileType = sourcecode.swift; path = BindableType.swift; sourceTree = "<group>"; };
		06D1AD73210F579000E84B4F /* EventListViewCell.swift */ = {isa = PBXFileReference; lastKnownFileType = sourcecode.swift; path = EventListViewCell.swift; sourceTree = "<group>"; };
		06D1AD75210FF06E00E84B4F /* URLSession+Rx.swift */ = {isa = PBXFileReference; lastKnownFileType = sourcecode.swift; path = "URLSession+Rx.swift"; sourceTree = "<group>"; };
		06D1AD782112685B00E84B4F /* Scene.swift */ = {isa = PBXFileReference; fileEncoding = 4; lastKnownFileType = sourcecode.swift; path = Scene.swift; sourceTree = "<group>"; };
		06D1AD792112685C00E84B4F /* SceneCoordinator.swift */ = {isa = PBXFileReference; fileEncoding = 4; lastKnownFileType = sourcecode.swift; path = SceneCoordinator.swift; sourceTree = "<group>"; };
		06D1AD7A2112685D00E84B4F /* Scene+viewController.swift */ = {isa = PBXFileReference; fileEncoding = 4; lastKnownFileType = sourcecode.swift; path = "Scene+viewController.swift"; sourceTree = "<group>"; };
		06D1AD7B2112685E00E84B4F /* SceneCoordinatorType.swift */ = {isa = PBXFileReference; fileEncoding = 4; lastKnownFileType = sourcecode.swift; path = SceneCoordinatorType.swift; sourceTree = "<group>"; };
		06D1AD7C2112685F00E84B4F /* SceneTransitionType.swift */ = {isa = PBXFileReference; fileEncoding = 4; lastKnownFileType = sourcecode.swift; path = SceneTransitionType.swift; sourceTree = "<group>"; };
		1BB95577262205F7DC7E788C /* Pods-SkiddleEvents.debug.xcconfig */ = {isa = PBXFileReference; includeInIndex = 1; lastKnownFileType = text.xcconfig; name = "Pods-SkiddleEvents.debug.xcconfig"; path = "Pods/Target Support Files/Pods-SkiddleEvents/Pods-SkiddleEvents.debug.xcconfig"; sourceTree = "<group>"; };
		4D3D38AA73BFB5154DF50EA5 /* Pods_SkiddleEvents.framework */ = {isa = PBXFileReference; explicitFileType = wrapper.framework; includeInIndex = 0; path = Pods_SkiddleEvents.framework; sourceTree = BUILT_PRODUCTS_DIR; };
		65053EED63561C70075F2E2A /* Pods-SkiddleEvents.release.xcconfig */ = {isa = PBXFileReference; includeInIndex = 1; lastKnownFileType = text.xcconfig; name = "Pods-SkiddleEvents.release.xcconfig"; path = "Pods/Target Support Files/Pods-SkiddleEvents/Pods-SkiddleEvents.release.xcconfig"; sourceTree = "<group>"; };
/* End PBXFileReference section */

/* Begin PBXFrameworksBuildPhase section */
		06352A66210DF4A60070DB39 /* Frameworks */ = {
			isa = PBXFrameworksBuildPhase;
			buildActionMask = 2147483647;
			files = (
				4379948B7074B579B59065C9 /* Pods_SkiddleEvents.framework in Frameworks */,
			);
			runOnlyForDeploymentPostprocessing = 0;
		};
/* End PBXFrameworksBuildPhase section */

/* Begin PBXGroup section */
		06352A60210DF4A60070DB39 = {
			isa = PBXGroup;
			children = (
				06352A6B210DF4A60070DB39 /* SkiddleEvents */,
				06352A6A210DF4A60070DB39 /* Products */,
				6117BD4951E982F2C9E0AD80 /* Pods */,
				C32F3B3601D3F574A0D78171 /* Frameworks */,
			);
			sourceTree = "<group>";
		};
		06352A6A210DF4A60070DB39 /* Products */ = {
			isa = PBXGroup;
			children = (
				06352A69210DF4A60070DB39 /* SkiddleEvents.app */,
			);
			name = Products;
			sourceTree = "<group>";
		};
		06352A6B210DF4A60070DB39 /* SkiddleEvents */ = {
			isa = PBXGroup;
			children = (
				06352A6C210DF4A60070DB39 /* AppDelegate.swift */,
				06D1AD5D210E4D9300E84B4F /* Extensions */,
				06352A85210DFE420070DB39 /* Skiddle API */,
				06D1AD72210EC54300E84B4F /* Data Entities */,
				06D1AD772112684700E84B4F /* Scene */,
				06352A80210DFCF20070DB39 /* Model */,
				06352A7F210DFCED0070DB39 /* Cells */,
				06352A7E210DFCD90070DB39 /* Controller */,
				06352A70210DF4A60070DB39 /* Main.storyboard */,
				06352A73210DF4B20070DB39 /* Assets.xcassets */,
				06352A75210DF4B20070DB39 /* LaunchScreen.storyboard */,
				06352A78210DF4B20070DB39 /* Info.plist */,
			);
			path = SkiddleEvents;
			sourceTree = "<group>";
		};
		06352A7E210DFCD90070DB39 /* Controller */ = {
			isa = PBXGroup;
			children = (
				06D1AD60210EB73F00E84B4F /* EventsListViewModel.swift */,
				06352A6E210DF4A60070DB39 /* EventsListViewController.swift */,
				06D1AD66210EBDA900E84B4F /* DisplayEventViewModel.swift */,
				06352A83210DFDD10070DB39 /* DisplayEventViewController.swift */,
			);
			path = Controller;
			sourceTree = "<group>";
		};
		06352A7F210DFCED0070DB39 /* Cells */ = {
			isa = PBXGroup;
			children = (
				06D1AD73210F579000E84B4F /* EventListViewCell.swift */,
			);
			path = Cells;
			sourceTree = "<group>";
		};
		06352A80210DFCF20070DB39 /* Model */ = {
			isa = PBXGroup;
			children = (
				06D1AD70210EC53500E84B4F /* BindableType.swift */,
			);
			path = Model;
			sourceTree = "<group>";
		};
		06352A85210DFE420070DB39 /* Skiddle API */ = {
			isa = PBXGroup;
			children = (
				06352A86210E04EF0070DB39 /* SkiddleAPI.swift */,
			);
			path = "Skiddle API";
			sourceTree = "<group>";
		};
		06D1AD5D210E4D9300E84B4F /* Extensions */ = {
			isa = PBXGroup;
			children = (
				06D1AD5E210E4DBD00E84B4F /* string+decodeHTMLString.swift */,
				06D1AD75210FF06E00E84B4F /* URLSession+Rx.swift */,
			);
			name = Extensions;
			path = "New Group";
			sourceTree = "<group>";
		};
		06D1AD72210EC54300E84B4F /* Data Entities */ = {
			isa = PBXGroup;
			children = (
				06352A88210E055D0070DB39 /* Event.swift */,
				06352A8A210E05710070DB39 /* Artist.swift */,
			);
			path = "Data Entities";
			sourceTree = "<group>";
		};
		06D1AD772112684700E84B4F /* Scene */ = {
			isa = PBXGroup;
			children = (
				06D1AD782112685B00E84B4F /* Scene.swift */,
				06D1AD7A2112685D00E84B4F /* Scene+viewController.swift */,
				06D1AD792112685C00E84B4F /* SceneCoordinator.swift */,
				06D1AD7B2112685E00E84B4F /* SceneCoordinatorType.swift */,
				06D1AD7C2112685F00E84B4F /* SceneTransitionType.swift */,
			);
			path = Scene;
			sourceTree = "<group>";
		};
		6117BD4951E982F2C9E0AD80 /* Pods */ = {
			isa = PBXGroup;
			children = (
				1BB95577262205F7DC7E788C /* Pods-SkiddleEvents.debug.xcconfig */,
				65053EED63561C70075F2E2A /* Pods-SkiddleEvents.release.xcconfig */,
			);
			name = Pods;
			sourceTree = "<group>";
		};
		C32F3B3601D3F574A0D78171 /* Frameworks */ = {
			isa = PBXGroup;
			children = (
				4D3D38AA73BFB5154DF50EA5 /* Pods_SkiddleEvents.framework */,
			);
			name = Frameworks;
			sourceTree = "<group>";
		};
/* End PBXGroup section */

/* Begin PBXNativeTarget section */
		06352A68210DF4A60070DB39 /* SkiddleEvents */ = {
			isa = PBXNativeTarget;
			buildConfigurationList = 06352A7B210DF4B20070DB39 /* Build configuration list for PBXNativeTarget "SkiddleEvents" */;
			buildPhases = (
				E364B1043C678070E9C0D46B /* [CP] Check Pods Manifest.lock */,
				06352A65210DF4A60070DB39 /* Sources */,
				06352A66210DF4A60070DB39 /* Frameworks */,
				06352A67210DF4A60070DB39 /* Resources */,
				0B44B4A06FA2830E24DC9F11 /* [CP] Embed Pods Frameworks */,
			);
			buildRules = (
			);
			dependencies = (
			);
			name = SkiddleEvents;
			productName = SkiddleEvents;
			productReference = 06352A69210DF4A60070DB39 /* SkiddleEvents.app */;
			productType = "com.apple.product-type.application";
		};
/* End PBXNativeTarget section */

/* Begin PBXProject section */
		06352A61210DF4A60070DB39 /* Project object */ = {
			isa = PBXProject;
			attributes = {
				LastSwiftUpdateCheck = 0940;
				LastUpgradeCheck = 0940;
				ORGANIZATIONNAME = PREE;
				TargetAttributes = {
					06352A68210DF4A60070DB39 = {
						CreatedOnToolsVersion = 9.4.1;
					};
				};
			};
			buildConfigurationList = 06352A64210DF4A60070DB39 /* Build configuration list for PBXProject "SkiddleEvents" */;
			compatibilityVersion = "Xcode 9.3";
			developmentRegion = en;
			hasScannedForEncodings = 0;
			knownRegions = (
				en,
				Base,
			);
			mainGroup = 06352A60210DF4A60070DB39;
			productRefGroup = 06352A6A210DF4A60070DB39 /* Products */;
			projectDirPath = "";
			projectRoot = "";
			targets = (
				06352A68210DF4A60070DB39 /* SkiddleEvents */,
			);
		};
/* End PBXProject section */

/* Begin PBXResourcesBuildPhase section */
		06352A67210DF4A60070DB39 /* Resources */ = {
			isa = PBXResourcesBuildPhase;
			buildActionMask = 2147483647;
			files = (
				06352A77210DF4B20070DB39 /* LaunchScreen.storyboard in Resources */,
				06352A74210DF4B20070DB39 /* Assets.xcassets in Resources */,
				06352A72210DF4A60070DB39 /* Main.storyboard in Resources */,
			);
			runOnlyForDeploymentPostprocessing = 0;
		};
/* End PBXResourcesBuildPhase section */

/* Begin PBXShellScriptBuildPhase section */
		0B44B4A06FA2830E24DC9F11 /* [CP] Embed Pods Frameworks */ = {
			isa = PBXShellScriptBuildPhase;
			buildActionMask = 2147483647;
			files = (
			);
			inputPaths = (
				"${SRCROOT}/Pods/Target Support Files/Pods-SkiddleEvents/Pods-SkiddleEvents-frameworks.sh",
				"${BUILT_PRODUCTS_DIR}/Action/Action.framework",
				"${BUILT_PRODUCTS_DIR}/Alamofire/Alamofire.framework",
				"${BUILT_PRODUCTS_DIR}/Differentiator/Differentiator.framework",
				"${BUILT_PRODUCTS_DIR}/Kingfisher/Kingfisher.framework",
				"${BUILT_PRODUCTS_DIR}/NSObject+Rx/NSObject_Rx.framework",
				"${BUILT_PRODUCTS_DIR}/Realm/Realm.framework",
				"${BUILT_PRODUCTS_DIR}/RealmSwift/RealmSwift.framework",
				"${BUILT_PRODUCTS_DIR}/RxAlamofire/RxAlamofire.framework",
				"${BUILT_PRODUCTS_DIR}/RxCocoa/RxCocoa.framework",
				"${BUILT_PRODUCTS_DIR}/RxCoreLocation/RxCoreLocation.framework",
				"${BUILT_PRODUCTS_DIR}/RxDataSources/RxDataSources.framework",
				"${BUILT_PRODUCTS_DIR}/RxGesture/RxGesture.framework",
				"${BUILT_PRODUCTS_DIR}/RxRealm/RxRealm.framework",
				"${BUILT_PRODUCTS_DIR}/RxSwift/RxSwift.framework",
				"${BUILT_PRODUCTS_DIR}/SwiftyJSON/SwiftyJSON.framework",
			);
			name = "[CP] Embed Pods Frameworks";
			outputPaths = (
				"${TARGET_BUILD_DIR}/${FRAMEWORKS_FOLDER_PATH}/Action.framework",
				"${TARGET_BUILD_DIR}/${FRAMEWORKS_FOLDER_PATH}/Alamofire.framework",
				"${TARGET_BUILD_DIR}/${FRAMEWORKS_FOLDER_PATH}/Differentiator.framework",
				"${TARGET_BUILD_DIR}/${FRAMEWORKS_FOLDER_PATH}/Kingfisher.framework",
				"${TARGET_BUILD_DIR}/${FRAMEWORKS_FOLDER_PATH}/NSObject_Rx.framework",
				"${TARGET_BUILD_DIR}/${FRAMEWORKS_FOLDER_PATH}/Realm.framework",
				"${TARGET_BUILD_DIR}/${FRAMEWORKS_FOLDER_PATH}/RealmSwift.framework",
				"${TARGET_BUILD_DIR}/${FRAMEWORKS_FOLDER_PATH}/RxAlamofire.framework",
				"${TARGET_BUILD_DIR}/${FRAMEWORKS_FOLDER_PATH}/RxCocoa.framework",
				"${TARGET_BUILD_DIR}/${FRAMEWORKS_FOLDER_PATH}/RxCoreLocation.framework",
				"${TARGET_BUILD_DIR}/${FRAMEWORKS_FOLDER_PATH}/RxDataSources.framework",
				"${TARGET_BUILD_DIR}/${FRAMEWORKS_FOLDER_PATH}/RxGesture.framework",
				"${TARGET_BUILD_DIR}/${FRAMEWORKS_FOLDER_PATH}/RxRealm.framework",
				"${TARGET_BUILD_DIR}/${FRAMEWORKS_FOLDER_PATH}/RxSwift.framework",
				"${TARGET_BUILD_DIR}/${FRAMEWORKS_FOLDER_PATH}/SwiftyJSON.framework",
			);
			runOnlyForDeploymentPostprocessing = 0;
			shellPath = /bin/sh;
			shellScript = "\"${SRCROOT}/Pods/Target Support Files/Pods-SkiddleEvents/Pods-SkiddleEvents-frameworks.sh\"\n";
			showEnvVarsInLog = 0;
		};
		E364B1043C678070E9C0D46B /* [CP] Check Pods Manifest.lock */ = {
			isa = PBXShellScriptBuildPhase;
			buildActionMask = 2147483647;
			files = (
			);
			inputPaths = (
				"${PODS_PODFILE_DIR_PATH}/Podfile.lock",
				"${PODS_ROOT}/Manifest.lock",
			);
			name = "[CP] Check Pods Manifest.lock";
			outputPaths = (
				"$(DERIVED_FILE_DIR)/Pods-SkiddleEvents-checkManifestLockResult.txt",
			);
			runOnlyForDeploymentPostprocessing = 0;
			shellPath = /bin/sh;
			shellScript = "diff \"${PODS_PODFILE_DIR_PATH}/Podfile.lock\" \"${PODS_ROOT}/Manifest.lock\" > /dev/null\nif [ $? != 0 ] ; then\n    # print error to STDERR\n    echo \"error: The sandbox is not in sync with the Podfile.lock. Run 'pod install' or update your CocoaPods installation.\" >&2\n    exit 1\nfi\n# This output is used by Xcode 'outputs' to avoid re-running this script phase.\necho \"SUCCESS\" > \"${SCRIPT_OUTPUT_FILE_0}\"\n";
			showEnvVarsInLog = 0;
		};
/* End PBXShellScriptBuildPhase section */

/* Begin PBXSourcesBuildPhase section */
		06352A65210DF4A60070DB39 /* Sources */ = {
			isa = PBXSourcesBuildPhase;
			buildActionMask = 2147483647;
			files = (
				06D1AD71210EC53500E84B4F /* BindableType.swift in Sources */,
				06352A84210DFDD10070DB39 /* DisplayEventViewController.swift in Sources */,
				06D1AD61210EB73F00E84B4F /* EventsListViewModel.swift in Sources */,
				06D1AD67210EBDA900E84B4F /* DisplayEventViewModel.swift in Sources */,
				06D1AD7D2112685F00E84B4F /* Scene.swift in Sources */,
				06D1AD7E2112685F00E84B4F /* SceneCoordinator.swift in Sources */,
				06D1AD7F2112685F00E84B4F /* Scene+viewController.swift in Sources */,
				06D1AD5F210E4DBD00E84B4F /* string+decodeHTMLString.swift in Sources */,
				06352A87210E04EF0070DB39 /* SkiddleAPI.swift in Sources */,
				06D1AD802112685F00E84B4F /* SceneCoordinatorType.swift in Sources */,
				06D1AD812112685F00E84B4F /* SceneTransitionType.swift in Sources */,
				06352A8B210E05710070DB39 /* Artist.swift in Sources */,
				06D1AD74210F579000E84B4F /* EventListViewCell.swift in Sources */,
				06352A6F210DF4A60070DB39 /* EventsListViewController.swift in Sources */,
				06D1AD76210FF06E00E84B4F /* URLSession+Rx.swift in Sources */,
				06352A6D210DF4A60070DB39 /* AppDelegate.swift in Sources */,
				06352A89210E055D0070DB39 /* Event.swift in Sources */,
			);
			runOnlyForDeploymentPostprocessing = 0;
		};
/* End PBXSourcesBuildPhase section */

/* Begin PBXVariantGroup section */
		06352A70210DF4A60070DB39 /* Main.storyboard */ = {
			isa = PBXVariantGroup;
			children = (
				06352A71210DF4A60070DB39 /* Base */,
			);
			name = Main.storyboard;
			sourceTree = "<group>";
		};
		06352A75210DF4B20070DB39 /* LaunchScreen.storyboard */ = {
			isa = PBXVariantGroup;
			children = (
				06352A76210DF4B20070DB39 /* Base */,
			);
			name = LaunchScreen.storyboard;
			sourceTree = "<group>";
		};
/* End PBXVariantGroup section */

/* Begin XCBuildConfiguration section */
		06352A79210DF4B20070DB39 /* Debug */ = {
			isa = XCBuildConfiguration;
			buildSettings = {
				ALWAYS_SEARCH_USER_PATHS = NO;
				CLANG_ANALYZER_NONNULL = YES;
				CLANG_ANALYZER_NUMBER_OBJECT_CONVERSION = YES_AGGRESSIVE;
				CLANG_CXX_LANGUAGE_STANDARD = "gnu++14";
				CLANG_CXX_LIBRARY = "libc++";
				CLANG_ENABLE_MODULES = YES;
				CLANG_ENABLE_OBJC_ARC = YES;
				CLANG_ENABLE_OBJC_WEAK = YES;
				CLANG_WARN_BLOCK_CAPTURE_AUTORELEASING = YES;
				CLANG_WARN_BOOL_CONVERSION = YES;
				CLANG_WARN_COMMA = YES;
				CLANG_WARN_CONSTANT_CONVERSION = YES;
				CLANG_WARN_DEPRECATED_OBJC_IMPLEMENTATIONS = YES;
				CLANG_WARN_DIRECT_OBJC_ISA_USAGE = YES_ERROR;
				CLANG_WARN_DOCUMENTATION_COMMENTS = YES;
				CLANG_WARN_EMPTY_BODY = YES;
				CLANG_WARN_ENUM_CONVERSION = YES;
				CLANG_WARN_INFINITE_RECURSION = YES;
				CLANG_WARN_INT_CONVERSION = YES;
				CLANG_WARN_NON_LITERAL_NULL_CONVERSION = YES;
				CLANG_WARN_OBJC_IMPLICIT_RETAIN_SELF = YES;
				CLANG_WARN_OBJC_LITERAL_CONVERSION = YES;
				CLANG_WARN_OBJC_ROOT_CLASS = YES_ERROR;
				CLANG_WARN_RANGE_LOOP_ANALYSIS = YES;
				CLANG_WARN_STRICT_PROTOTYPES = YES;
				CLANG_WARN_SUSPICIOUS_MOVE = YES;
				CLANG_WARN_UNGUARDED_AVAILABILITY = YES_AGGRESSIVE;
				CLANG_WARN_UNREACHABLE_CODE = YES;
				CLANG_WARN__DUPLICATE_METHOD_MATCH = YES;
				CODE_SIGN_IDENTITY = "iPhone Developer";
				COPY_PHASE_STRIP = NO;
				DEBUG_INFORMATION_FORMAT = dwarf;
				ENABLE_STRICT_OBJC_MSGSEND = YES;
				ENABLE_TESTABILITY = YES;
				GCC_C_LANGUAGE_STANDARD = gnu11;
				GCC_DYNAMIC_NO_PIC = NO;
				GCC_NO_COMMON_BLOCKS = YES;
				GCC_OPTIMIZATION_LEVEL = 0;
				GCC_PREPROCESSOR_DEFINITIONS = (
					"DEBUG=1",
					"$(inherited)",
				);
				GCC_WARN_64_TO_32_BIT_CONVERSION = YES;
				GCC_WARN_ABOUT_RETURN_TYPE = YES_ERROR;
				GCC_WARN_UNDECLARED_SELECTOR = YES;
				GCC_WARN_UNINITIALIZED_AUTOS = YES_AGGRESSIVE;
				GCC_WARN_UNUSED_FUNCTION = YES;
				GCC_WARN_UNUSED_VARIABLE = YES;
				IPHONEOS_DEPLOYMENT_TARGET = 11.4;
				MTL_ENABLE_DEBUG_INFO = YES;
				ONLY_ACTIVE_ARCH = YES;
				SDKROOT = iphoneos;
				SWIFT_ACTIVE_COMPILATION_CONDITIONS = DEBUG;
				SWIFT_OPTIMIZATION_LEVEL = "-Onone";
			};
			name = Debug;
		};
		06352A7A210DF4B20070DB39 /* Release */ = {
			isa = XCBuildConfiguration;
			buildSettings = {
				ALWAYS_SEARCH_USER_PATHS = NO;
				CLANG_ANALYZER_NONNULL = YES;
				CLANG_ANALYZER_NUMBER_OBJECT_CONVERSION = YES_AGGRESSIVE;
				CLANG_CXX_LANGUAGE_STANDARD = "gnu++14";
				CLANG_CXX_LIBRARY = "libc++";
				CLANG_ENABLE_MODULES = YES;
				CLANG_ENABLE_OBJC_ARC = YES;
				CLANG_ENABLE_OBJC_WEAK = YES;
				CLANG_WARN_BLOCK_CAPTURE_AUTORELEASING = YES;
				CLANG_WARN_BOOL_CONVERSION = YES;
				CLANG_WARN_COMMA = YES;
				CLANG_WARN_CONSTANT_CONVERSION = YES;
				CLANG_WARN_DEPRECATED_OBJC_IMPLEMENTATIONS = YES;
				CLANG_WARN_DIRECT_OBJC_ISA_USAGE = YES_ERROR;
				CLANG_WARN_DOCUMENTATION_COMMENTS = YES;
				CLANG_WARN_EMPTY_BODY = YES;
				CLANG_WARN_ENUM_CONVERSION = YES;
				CLANG_WARN_INFINITE_RECURSION = YES;
				CLANG_WARN_INT_CONVERSION = YES;
				CLANG_WARN_NON_LITERAL_NULL_CONVERSION = YES;
				CLANG_WARN_OBJC_IMPLICIT_RETAIN_SELF = YES;
				CLANG_WARN_OBJC_LITERAL_CONVERSION = YES;
				CLANG_WARN_OBJC_ROOT_CLASS = YES_ERROR;
				CLANG_WARN_RANGE_LOOP_ANALYSIS = YES;
				CLANG_WARN_STRICT_PROTOTYPES = YES;
				CLANG_WARN_SUSPICIOUS_MOVE = YES;
				CLANG_WARN_UNGUARDED_AVAILABILITY = YES_AGGRESSIVE;
				CLANG_WARN_UNREACHABLE_CODE = YES;
				CLANG_WARN__DUPLICATE_METHOD_MATCH = YES;
				CODE_SIGN_IDENTITY = "iPhone Developer";
				COPY_PHASE_STRIP = NO;
				DEBUG_INFORMATION_FORMAT = "dwarf-with-dsym";
				ENABLE_NS_ASSERTIONS = NO;
				ENABLE_STRICT_OBJC_MSGSEND = YES;
				GCC_C_LANGUAGE_STANDARD = gnu11;
				GCC_NO_COMMON_BLOCKS = YES;
				GCC_WARN_64_TO_32_BIT_CONVERSION = YES;
				GCC_WARN_ABOUT_RETURN_TYPE = YES_ERROR;
				GCC_WARN_UNDECLARED_SELECTOR = YES;
				GCC_WARN_UNINITIALIZED_AUTOS = YES_AGGRESSIVE;
				GCC_WARN_UNUSED_FUNCTION = YES;
				GCC_WARN_UNUSED_VARIABLE = YES;
				IPHONEOS_DEPLOYMENT_TARGET = 11.4;
				MTL_ENABLE_DEBUG_INFO = NO;
				SDKROOT = iphoneos;
				SWIFT_COMPILATION_MODE = wholemodule;
				SWIFT_OPTIMIZATION_LEVEL = "-O";
				VALIDATE_PRODUCT = YES;
			};
			name = Release;
		};
		06352A7C210DF4B20070DB39 /* Debug */ = {
			isa = XCBuildConfiguration;
			baseConfigurationReference = 1BB95577262205F7DC7E788C /* Pods-SkiddleEvents.debug.xcconfig */;
			buildSettings = {
				ASSETCATALOG_COMPILER_APPICON_NAME = AppIcon;
				CODE_SIGN_STYLE = Automatic;
				DEVELOPMENT_TEAM = 729C4GXRX6;
				INFOPLIST_FILE = SkiddleEvents/Info.plist;
				LD_RUNPATH_SEARCH_PATHS = (
					"$(inherited)",
					"@executable_path/Frameworks",
				);
				PRODUCT_BUNDLE_IDENTIFIER = com.thedowntownapp.SkiddleEvents;
				PRODUCT_NAME = "$(TARGET_NAME)";
				SWIFT_VERSION = 4.0;
				TARGETED_DEVICE_FAMILY = "1,2";
			};
			name = Debug;
		};
		06352A7D210DF4B20070DB39 /* Release */ = {
			isa = XCBuildConfiguration;
			baseConfigurationReference = 65053EED63561C70075F2E2A /* Pods-SkiddleEvents.release.xcconfig */;
			buildSettings = {
				ASSETCATALOG_COMPILER_APPICON_NAME = AppIcon;
				CODE_SIGN_STYLE = Automatic;
				DEVELOPMENT_TEAM = 729C4GXRX6;
				INFOPLIST_FILE = SkiddleEvents/Info.plist;
				LD_RUNPATH_SEARCH_PATHS = (
					"$(inherited)",
					"@executable_path/Frameworks",
				);
				PRODUCT_BUNDLE_IDENTIFIER = com.thedowntownapp.SkiddleEvents;
				PRODUCT_NAME = "$(TARGET_NAME)";
				SWIFT_VERSION = 4.0;
				TARGETED_DEVICE_FAMILY = "1,2";
			};
			name = Release;
		};
/* End XCBuildConfiguration section */

/* Begin XCConfigurationList section */
		06352A64210DF4A60070DB39 /* Build configuration list for PBXProject "SkiddleEvents" */ = {
			isa = XCConfigurationList;
			buildConfigurations = (
				06352A79210DF4B20070DB39 /* Debug */,
				06352A7A210DF4B20070DB39 /* Release */,
			);
			defaultConfigurationIsVisible = 0;
			defaultConfigurationName = Release;
		};
		06352A7B210DF4B20070DB39 /* Build configuration list for PBXNativeTarget "SkiddleEvents" */ = {
			isa = XCConfigurationList;
			buildConfigurations = (
				06352A7C210DF4B20070DB39 /* Debug */,
				06352A7D210DF4B20070DB39 /* Release */,
			);
			defaultConfigurationIsVisible = 0;
			defaultConfigurationName = Release;
		};
/* End XCConfigurationList section */
	};
	rootObject = 06352A61210DF4A60070DB39 /* Project object */;
}
